
Microsoft Visual Studio Solution File, Format Version 12.00
# Visual Studio Version 17
VisualStudioVersion = 17.9.34616.47
MinimumVisualStudioVersion = 10.0.40219.1
Project("{9A19103F-16F7-4668-BE54-9A1E7A4F7556}") = "site", "site\site.csproj", "{3F5B83C3-F0E9-42EF-9FDC-5058EF203E9C}"
EndProject
Global
	GlobalSection(SolutionConfigurationPlatforms) = preSolution
		Debug|Any CPU = Debug|Any CPU
		Release|Any CPU = Release|Any CPU
	EndGlobalSection
	GlobalSection(ProjectConfigurationPlatforms) = postSolution
		{3F5B83C3-F0E9-42EF-9FDC-5058EF203E9C}.Debug|Any CPU.ActiveCfg = Debug|Any CPU
		{3F5B83C3-F0E9-42EF-9FDC-5058EF203E9C}.Debug|Any CPU.Build.0 = Debug|Any CPU
		{3F5B83C3-F0E9-42EF-9FDC-5058EF203E9C}.Release|Any CPU.ActiveCfg = Release|Any CPU
		{3F5B83C3-F0E9-42EF-9FDC-5058EF203E9C}.Release|Any CPU.Build.0 = Release|Any CPU
	EndGlobalSection
	GlobalSection(SolutionProperties) = preSolution
		HideSolutionNode = FALSE
	EndGlobalSection
	GlobalSection(ExtensibilityGlobals) = postSolution
		SolutionGuid = {39BF545E-2D91-44B4-AC1D-A6AFEFCA423D}
	EndGlobalSection
EndGlobal
